// !$*UTF8*$!
{
	archiveVersion = 1;
	classes = {
	};
	objectVersion = 46;
	objects = {

/* Begin PBXBuildFile section */
		648FF0257BF3B2BC99782FA8 /* Pods_Grocery_App.framework in Frameworks */ = {isa = PBXBuildFile; fileRef = E768900E6471E0E4CF6B4169 /* Pods_Grocery_App.framework */; };
		6A071E1C1F023EB1005D21FF /* AppDelegate.swift in Sources */ = {isa = PBXBuildFile; fileRef = 6A071E1B1F023EB1005D21FF /* AppDelegate.swift */; };
		6A071E231F023EB1005D21FF /* Main.storyboard in Resources */ = {isa = PBXBuildFile; fileRef = 6A071E211F023EB1005D21FF /* Main.storyboard */; };
		6A071E251F023EB1005D21FF /* Assets.xcassets in Resources */ = {isa = PBXBuildFile; fileRef = 6A071E241F023EB1005D21FF /* Assets.xcassets */; };
		6A071E281F023EB1005D21FF /* LaunchScreen.storyboard in Resources */ = {isa = PBXBuildFile; fileRef = 6A071E261F023EB1005D21FF /* LaunchScreen.storyboard */; };
		6A071E331F023EB2005D21FF /* Grocery_AppTests.swift in Sources */ = {isa = PBXBuildFile; fileRef = 6A071E321F023EB2005D21FF /* Grocery_AppTests.swift */; };
		6A071E3E1F023EB2005D21FF /* Grocery_AppUITests.swift in Sources */ = {isa = PBXBuildFile; fileRef = 6A071E3D1F023EB2005D21FF /* Grocery_AppUITests.swift */; };
		6A071E971F031D93005D21FF /* LocationViewController.swift in Sources */ = {isa = PBXBuildFile; fileRef = 6A071E961F031D93005D21FF /* LocationViewController.swift */; };
		6A07BE051F1D15BF00050E16 /* StoreTableViewCell.swift in Sources */ = {isa = PBXBuildFile; fileRef = 6A07BE041F1D15BF00050E16 /* StoreTableViewCell.swift */; };
		6A088A4E1F0A3DF8008C8ADD /* UserStorePreferencesViewController.swift in Sources */ = {isa = PBXBuildFile; fileRef = 6A088A4D1F0A3DF8008C8ADD /* UserStorePreferencesViewController.swift */; };
		6A088A501F0A3E54008C8ADD /* changeLocationViewController.swift in Sources */ = {isa = PBXBuildFile; fileRef = 6A088A4F1F0A3E54008C8ADD /* changeLocationViewController.swift */; };
		6A1F7BD21F1A756600577FCC /* items.txt in Resources */ = {isa = PBXBuildFile; fileRef = 6A1F7BD11F1A756600577FCC /* items.txt */; };
		6A2AB3D61F22A0A10091E953 /* Reachability.swift in Sources */ = {isa = PBXBuildFile; fileRef = 6A2AB3D51F22A0A10091E953 /* Reachability.swift */; };
		6A31A81D1F2B08D80061E18F /* SetStoreLocationViewController.swift in Sources */ = {isa = PBXBuildFile; fileRef = 6A31A81C1F2B08D80061E18F /* SetStoreLocationViewController.swift */; };
		6A31A81F1F2B551D0061E18F /* scanner.storyboard in Resources */ = {isa = PBXBuildFile; fileRef = 6A31A81E1F2B551D0061E18F /* scanner.storyboard */; };
		6A40883F1F29768100E537F0 /* BarcodeReaderViewController.swift in Sources */ = {isa = PBXBuildFile; fileRef = 6A40883E1F29768100E537F0 /* BarcodeReaderViewController.swift */; };
		6A4088411F29A4AD00E537F0 /* AddItemViewController.swift in Sources */ = {isa = PBXBuildFile; fileRef = 6A4088401F29A4AD00E537F0 /* AddItemViewController.swift */; };
		6A4088431F29B54800E537F0 /* AddItemTableViewCell.swift in Sources */ = {isa = PBXBuildFile; fileRef = 6A4088421F29B54800E537F0 /* AddItemTableViewCell.swift */; };
		6A4778271F148B860060EE9D /* CoreData.xcdatamodeld in Sources */ = {isa = PBXBuildFile; fileRef = 6A4778251F148B860060EE9D /* CoreData.xcdatamodeld */; };
		6A584CD51F13BA6500A4CD2F /* GroceryListTableViewCell.swift in Sources */ = {isa = PBXBuildFile; fileRef = 6A584CD41F13BA6500A4CD2F /* GroceryListTableViewCell.swift */; };
		6A584CD71F13BB6F00A4CD2F /* GroceryListViewController.swift in Sources */ = {isa = PBXBuildFile; fileRef = 6A584CD61F13BB6F00A4CD2F /* GroceryListViewController.swift */; };
		6A9A7B591F1E73CD00A8C982 /* ShopListViewController.swift in Sources */ = {isa = PBXBuildFile; fileRef = 6A9A7B581F1E73CD00A8C982 /* ShopListViewController.swift */; };
		6A9A7B5B1F1E74E400A8C982 /* OnSaleItemTableViewCell.swift in Sources */ = {isa = PBXBuildFile; fileRef = 6A9A7B5A1F1E74E400A8C982 /* OnSaleItemTableViewCell.swift */; };
		6A9A7B5D1F1FC23000A8C982 /* UserLocation.swift in Sources */ = {isa = PBXBuildFile; fileRef = 6A9A7B5C1F1FC23000A8C982 /* UserLocation.swift */; };
		6A9E9FB51F2EDB8800B24CE0 /* GoogleService-Info.plist in Resources */ = {isa = PBXBuildFile; fileRef = 6A9E9FB41F2EDB8800B24CE0 /* GoogleService-Info.plist */; };
		6A9E9FB61F2EDB8800B24CE0 /* GoogleService-Info.plist in Resources */ = {isa = PBXBuildFile; fileRef = 6A9E9FB41F2EDB8800B24CE0 /* GoogleService-Info.plist */; };
		6A9E9FB71F2EDB8800B24CE0 /* GoogleService-Info.plist in Resources */ = {isa = PBXBuildFile; fileRef = 6A9E9FB41F2EDB8800B24CE0 /* GoogleService-Info.plist */; };
		6AAAD1FE1F36D45700CF510E /* StoreInfoTableViewCell.swift in Sources */ = {isa = PBXBuildFile; fileRef = 6AAAD1FD1F36D45700CF510E /* StoreInfoTableViewCell.swift */; };
		6AB1048B1F0628FD0070C55C /* list.storyboard in Resources */ = {isa = PBXBuildFile; fileRef = 6AB1048A1F0628FD0070C55C /* list.storyboard */; };
		6AB104971F068D950070C55C /* StoreViewController.swift in Sources */ = {isa = PBXBuildFile; fileRef = 6AB104961F068D950070C55C /* StoreViewController.swift */; };
		6AB24A611F09447500F76971 /* profile.storyboard in Resources */ = {isa = PBXBuildFile; fileRef = 6AB24A601F09447500F76971 /* profile.storyboard */; };
		6AB24A631F094A8D00F76971 /* ProfileTableViewController.swift in Sources */ = {isa = PBXBuildFile; fileRef = 6AB24A621F094A8D00F76971 /* ProfileTableViewController.swift */; };
		6AB24A6B1F0956DD00F76971 /* Raleway-Black.ttf in Resources */ = {isa = PBXBuildFile; fileRef = 6AB24A651F0956DD00F76971 /* Raleway-Black.ttf */; };
		6AB24A6C1F0956DD00F76971 /* Raleway-Bold.ttf in Resources */ = {isa = PBXBuildFile; fileRef = 6AB24A661F0956DD00F76971 /* Raleway-Bold.ttf */; };
		6AB24A6D1F0956DD00F76971 /* Raleway-Italic.ttf in Resources */ = {isa = PBXBuildFile; fileRef = 6AB24A671F0956DD00F76971 /* Raleway-Italic.ttf */; };
		6AB24A6E1F0956DD00F76971 /* Raleway-Light.ttf in Resources */ = {isa = PBXBuildFile; fileRef = 6AB24A681F0956DD00F76971 /* Raleway-Light.ttf */; };
		6AB24A6F1F0956DD00F76971 /* Raleway-Medium.ttf in Resources */ = {isa = PBXBuildFile; fileRef = 6AB24A691F0956DD00F76971 /* Raleway-Medium.ttf */; };
		6AB24A701F0956DD00F76971 /* Raleway-Regular.ttf in Resources */ = {isa = PBXBuildFile; fileRef = 6AB24A6A1F0956DD00F76971 /* Raleway-Regular.ttf */; };
		6AC298611F27FDEB00B4C758 /* RegularItemTableViewCell.swift in Sources */ = {isa = PBXBuildFile; fileRef = 6AC298601F27FDEB00B4C758 /* RegularItemTableViewCell.swift */; };
		6AF021CB1F2C6AF800E988E8 /* SwitchTableViewCell.swift in Sources */ = {isa = PBXBuildFile; fileRef = 6AF021CA1F2C6AF800E988E8 /* SwitchTableViewCell.swift */; };
		6AF021CD1F2D944000E988E8 /* ExpirationDateTableViewCell.swift in Sources */ = {isa = PBXBuildFile; fileRef = 6AF021CC1F2D944000E988E8 /* ExpirationDateTableViewCell.swift */; };
		AE9C157D6A19245A1BC64996 /* Pods_Grocery_AppUITests.framework in Frameworks */ = {isa = PBXBuildFile; fileRef = 182EE8FDD8AA6CF8CDE990B5 /* Pods_Grocery_AppUITests.framework */; };
		DE6A09D24C764FFB52E4ABEA /* Pods_Grocery_AppTests.framework in Frameworks */ = {isa = PBXBuildFile; fileRef = 410A7E784337BB14891F5895 /* Pods_Grocery_AppTests.framework */; };
/* End PBXBuildFile section */

/* Begin PBXContainerItemProxy section */
		6A071E2F1F023EB1005D21FF /* PBXContainerItemProxy */ = {
			isa = PBXContainerItemProxy;
			containerPortal = 6A071E101F023EB1005D21FF /* Project object */;
			proxyType = 1;
			remoteGlobalIDString = 6A071E171F023EB1005D21FF;
			remoteInfo = "Grocery App";
		};
		6A071E3A1F023EB2005D21FF /* PBXContainerItemProxy */ = {
			isa = PBXContainerItemProxy;
			containerPortal = 6A071E101F023EB1005D21FF /* Project object */;
			proxyType = 1;
			remoteGlobalIDString = 6A071E171F023EB1005D21FF;
			remoteInfo = "Grocery App";
		};
/* End PBXContainerItemProxy section */

/* Begin PBXCopyFilesBuildPhase section */
		6A43B0681F164A19005230E0 /* Embed Frameworks */ = {
			isa = PBXCopyFilesBuildPhase;
			buildActionMask = 2147483647;
			dstPath = "";
			dstSubfolderSpec = 10;
			files = (
			);
			name = "Embed Frameworks";
			runOnlyForDeploymentPostprocessing = 0;
		};
/* End PBXCopyFilesBuildPhase section */

/* Begin PBXFileReference section */
		182EE8FDD8AA6CF8CDE990B5 /* Pods_Grocery_AppUITests.framework */ = {isa = PBXFileReference; explicitFileType = wrapper.framework; includeInIndex = 0; path = Pods_Grocery_AppUITests.framework; sourceTree = BUILT_PRODUCTS_DIR; };
		2497AF41CCED9D4B52982722 /* Pods-Grocery App.release.xcconfig */ = {isa = PBXFileReference; includeInIndex = 1; lastKnownFileType = text.xcconfig; name = "Pods-Grocery App.release.xcconfig"; path = "Pods/Target Support Files/Pods-Grocery App/Pods-Grocery App.release.xcconfig"; sourceTree = "<group>"; };
		410A7E784337BB14891F5895 /* Pods_Grocery_AppTests.framework */ = {isa = PBXFileReference; explicitFileType = wrapper.framework; includeInIndex = 0; path = Pods_Grocery_AppTests.framework; sourceTree = BUILT_PRODUCTS_DIR; };
		5E0673EDB6686BD21F9EDDFD /* Pods-Grocery AppUITests.release.xcconfig */ = {isa = PBXFileReference; includeInIndex = 1; lastKnownFileType = text.xcconfig; name = "Pods-Grocery AppUITests.release.xcconfig"; path = "Pods/Target Support Files/Pods-Grocery AppUITests/Pods-Grocery AppUITests.release.xcconfig"; sourceTree = "<group>"; };
		69703FFE5ECA6CF82224685F /* Pods-Grocery App.debug.xcconfig */ = {isa = PBXFileReference; includeInIndex = 1; lastKnownFileType = text.xcconfig; name = "Pods-Grocery App.debug.xcconfig"; path = "Pods/Target Support Files/Pods-Grocery App/Pods-Grocery App.debug.xcconfig"; sourceTree = "<group>"; };
		6A071E181F023EB1005D21FF /* Grocery App.app */ = {isa = PBXFileReference; explicitFileType = wrapper.application; includeInIndex = 0; path = "Grocery App.app"; sourceTree = BUILT_PRODUCTS_DIR; };
		6A071E1B1F023EB1005D21FF /* AppDelegate.swift */ = {isa = PBXFileReference; lastKnownFileType = sourcecode.swift; path = AppDelegate.swift; sourceTree = "<group>"; };
		6A071E221F023EB1005D21FF /* Base */ = {isa = PBXFileReference; lastKnownFileType = file.storyboard; name = Base; path = Base.lproj/Main.storyboard; sourceTree = "<group>"; };
		6A071E241F023EB1005D21FF /* Assets.xcassets */ = {isa = PBXFileReference; lastKnownFileType = folder.assetcatalog; path = Assets.xcassets; sourceTree = "<group>"; };
		6A071E271F023EB1005D21FF /* Base */ = {isa = PBXFileReference; lastKnownFileType = file.storyboard; name = Base; path = Base.lproj/LaunchScreen.storyboard; sourceTree = "<group>"; };
		6A071E291F023EB1005D21FF /* Info.plist */ = {isa = PBXFileReference; lastKnownFileType = text.plist.xml; path = Info.plist; sourceTree = "<group>"; };
		6A071E2E1F023EB1005D21FF /* Grocery AppTests.xctest */ = {isa = PBXFileReference; explicitFileType = wrapper.cfbundle; includeInIndex = 0; path = "Grocery AppTests.xctest"; sourceTree = BUILT_PRODUCTS_DIR; };
		6A071E321F023EB2005D21FF /* Grocery_AppTests.swift */ = {isa = PBXFileReference; lastKnownFileType = sourcecode.swift; path = Grocery_AppTests.swift; sourceTree = "<group>"; };
		6A071E341F023EB2005D21FF /* Info.plist */ = {isa = PBXFileReference; lastKnownFileType = text.plist.xml; path = Info.plist; sourceTree = "<group>"; };
		6A071E391F023EB2005D21FF /* Grocery AppUITests.xctest */ = {isa = PBXFileReference; explicitFileType = wrapper.cfbundle; includeInIndex = 0; path = "Grocery AppUITests.xctest"; sourceTree = BUILT_PRODUCTS_DIR; };
		6A071E3D1F023EB2005D21FF /* Grocery_AppUITests.swift */ = {isa = PBXFileReference; lastKnownFileType = sourcecode.swift; path = Grocery_AppUITests.swift; sourceTree = "<group>"; };
		6A071E3F1F023EB2005D21FF /* Info.plist */ = {isa = PBXFileReference; lastKnownFileType = text.plist.xml; path = Info.plist; sourceTree = "<group>"; };
		6A071E961F031D93005D21FF /* LocationViewController.swift */ = {isa = PBXFileReference; fileEncoding = 4; lastKnownFileType = sourcecode.swift; path = LocationViewController.swift; sourceTree = "<group>"; };
		6A07BE041F1D15BF00050E16 /* StoreTableViewCell.swift */ = {isa = PBXFileReference; fileEncoding = 4; lastKnownFileType = sourcecode.swift; path = StoreTableViewCell.swift; sourceTree = "<group>"; };
		6A088A4D1F0A3DF8008C8ADD /* UserStorePreferencesViewController.swift */ = {isa = PBXFileReference; fileEncoding = 4; lastKnownFileType = sourcecode.swift; path = UserStorePreferencesViewController.swift; sourceTree = "<group>"; };
		6A088A4F1F0A3E54008C8ADD /* changeLocationViewController.swift */ = {isa = PBXFileReference; fileEncoding = 4; lastKnownFileType = sourcecode.swift; path = changeLocationViewController.swift; sourceTree = "<group>"; };
		6A1F7BD11F1A756600577FCC /* items.txt */ = {isa = PBXFileReference; fileEncoding = 4; lastKnownFileType = text; path = items.txt; sourceTree = "<group>"; };
		6A2AB3D51F22A0A10091E953 /* Reachability.swift */ = {isa = PBXFileReference; fileEncoding = 4; lastKnownFileType = sourcecode.swift; path = Reachability.swift; sourceTree = "<group>"; };
		6A31A81C1F2B08D80061E18F /* SetStoreLocationViewController.swift */ = {isa = PBXFileReference; fileEncoding = 4; lastKnownFileType = sourcecode.swift; path = SetStoreLocationViewController.swift; sourceTree = "<group>"; };
		6A31A81E1F2B551D0061E18F /* scanner.storyboard */ = {isa = PBXFileReference; fileEncoding = 4; lastKnownFileType = file.storyboard; path = scanner.storyboard; sourceTree = "<group>"; };
		6A40883E1F29768100E537F0 /* BarcodeReaderViewController.swift */ = {isa = PBXFileReference; fileEncoding = 4; lastKnownFileType = sourcecode.swift; path = BarcodeReaderViewController.swift; sourceTree = "<group>"; };
		6A4088401F29A4AD00E537F0 /* AddItemViewController.swift */ = {isa = PBXFileReference; fileEncoding = 4; lastKnownFileType = sourcecode.swift; path = AddItemViewController.swift; sourceTree = "<group>"; };
		6A4088421F29B54800E537F0 /* AddItemTableViewCell.swift */ = {isa = PBXFileReference; fileEncoding = 4; lastKnownFileType = sourcecode.swift; path = AddItemTableViewCell.swift; sourceTree = "<group>"; };
		6A4778261F148B860060EE9D /* CoreData.xcdatamodel */ = {isa = PBXFileReference; lastKnownFileType = wrapper.xcdatamodel; path = CoreData.xcdatamodel; sourceTree = "<group>"; };
		6A584CD41F13BA6500A4CD2F /* GroceryListTableViewCell.swift */ = {isa = PBXFileReference; fileEncoding = 4; lastKnownFileType = sourcecode.swift; path = GroceryListTableViewCell.swift; sourceTree = "<group>"; };
		6A584CD61F13BB6F00A4CD2F /* GroceryListViewController.swift */ = {isa = PBXFileReference; fileEncoding = 4; lastKnownFileType = sourcecode.swift; path = GroceryListViewController.swift; sourceTree = "<group>"; };
		6A9A7B581F1E73CD00A8C982 /* ShopListViewController.swift */ = {isa = PBXFileReference; fileEncoding = 4; lastKnownFileType = sourcecode.swift; path = ShopListViewController.swift; sourceTree = "<group>"; };
		6A9A7B5A1F1E74E400A8C982 /* OnSaleItemTableViewCell.swift */ = {isa = PBXFileReference; fileEncoding = 4; lastKnownFileType = sourcecode.swift; path = OnSaleItemTableViewCell.swift; sourceTree = "<group>"; };
		6A9A7B5C1F1FC23000A8C982 /* UserLocation.swift */ = {isa = PBXFileReference; fileEncoding = 4; lastKnownFileType = sourcecode.swift; lineEnding = 0; path = UserLocation.swift; sourceTree = "<group>"; };
		6A9E9FB41F2EDB8800B24CE0 /* GoogleService-Info.plist */ = {isa = PBXFileReference; fileEncoding = 4; lastKnownFileType = text.plist.xml; path = "GoogleService-Info.plist"; sourceTree = "<group>"; };
		6AAAD1FD1F36D45700CF510E /* StoreInfoTableViewCell.swift */ = {isa = PBXFileReference; fileEncoding = 4; lastKnownFileType = sourcecode.swift; path = StoreInfoTableViewCell.swift; sourceTree = "<group>"; };
		6AB1048A1F0628FD0070C55C /* list.storyboard */ = {isa = PBXFileReference; fileEncoding = 4; lastKnownFileType = file.storyboard; path = list.storyboard; sourceTree = "<group>"; };
		6AB104961F068D950070C55C /* StoreViewController.swift */ = {isa = PBXFileReference; fileEncoding = 4; lastKnownFileType = sourcecode.swift; path = StoreViewController.swift; sourceTree = "<group>"; };
		6AB24A601F09447500F76971 /* profile.storyboard */ = {isa = PBXFileReference; fileEncoding = 4; lastKnownFileType = file.storyboard; path = profile.storyboard; sourceTree = "<group>"; };
		6AB24A621F094A8D00F76971 /* ProfileTableViewController.swift */ = {isa = PBXFileReference; fileEncoding = 4; lastKnownFileType = sourcecode.swift; path = ProfileTableViewController.swift; sourceTree = "<group>"; };
		6AB24A651F0956DD00F76971 /* Raleway-Black.ttf */ = {isa = PBXFileReference; lastKnownFileType = file; path = "Raleway-Black.ttf"; sourceTree = "<group>"; };
		6AB24A661F0956DD00F76971 /* Raleway-Bold.ttf */ = {isa = PBXFileReference; lastKnownFileType = file; path = "Raleway-Bold.ttf"; sourceTree = "<group>"; };
		6AB24A671F0956DD00F76971 /* Raleway-Italic.ttf */ = {isa = PBXFileReference; lastKnownFileType = file; path = "Raleway-Italic.ttf"; sourceTree = "<group>"; };
		6AB24A681F0956DD00F76971 /* Raleway-Light.ttf */ = {isa = PBXFileReference; lastKnownFileType = file; path = "Raleway-Light.ttf"; sourceTree = "<group>"; };
		6AB24A691F0956DD00F76971 /* Raleway-Medium.ttf */ = {isa = PBXFileReference; lastKnownFileType = file; path = "Raleway-Medium.ttf"; sourceTree = "<group>"; };
		6AB24A6A1F0956DD00F76971 /* Raleway-Regular.ttf */ = {isa = PBXFileReference; lastKnownFileType = file; path = "Raleway-Regular.ttf"; sourceTree = "<group>"; };
		6AC298601F27FDEB00B4C758 /* RegularItemTableViewCell.swift */ = {isa = PBXFileReference; fileEncoding = 4; lastKnownFileType = sourcecode.swift; path = RegularItemTableViewCell.swift; sourceTree = "<group>"; };
		6AF021CA1F2C6AF800E988E8 /* SwitchTableViewCell.swift */ = {isa = PBXFileReference; fileEncoding = 4; lastKnownFileType = sourcecode.swift; path = SwitchTableViewCell.swift; sourceTree = "<group>"; };
		6AF021CC1F2D944000E988E8 /* ExpirationDateTableViewCell.swift */ = {isa = PBXFileReference; fileEncoding = 4; lastKnownFileType = sourcecode.swift; path = ExpirationDateTableViewCell.swift; sourceTree = "<group>"; };
		75C752CCCB8C19754FED0F46 /* Pods-Grocery AppUITests.debug.xcconfig */ = {isa = PBXFileReference; includeInIndex = 1; lastKnownFileType = text.xcconfig; name = "Pods-Grocery AppUITests.debug.xcconfig"; path = "Pods/Target Support Files/Pods-Grocery AppUITests/Pods-Grocery AppUITests.debug.xcconfig"; sourceTree = "<group>"; };
		A69D70F7DB3521F6492B1AD1 /* Pods-Grocery AppTests.debug.xcconfig */ = {isa = PBXFileReference; includeInIndex = 1; lastKnownFileType = text.xcconfig; name = "Pods-Grocery AppTests.debug.xcconfig"; path = "Pods/Target Support Files/Pods-Grocery AppTests/Pods-Grocery AppTests.debug.xcconfig"; sourceTree = "<group>"; };
		E768900E6471E0E4CF6B4169 /* Pods_Grocery_App.framework */ = {isa = PBXFileReference; explicitFileType = wrapper.framework; includeInIndex = 0; path = Pods_Grocery_App.framework; sourceTree = BUILT_PRODUCTS_DIR; };
		FE4F0F0A0B929E735DD3DDFE /* Pods-Grocery AppTests.release.xcconfig */ = {isa = PBXFileReference; includeInIndex = 1; lastKnownFileType = text.xcconfig; name = "Pods-Grocery AppTests.release.xcconfig"; path = "Pods/Target Support Files/Pods-Grocery AppTests/Pods-Grocery AppTests.release.xcconfig"; sourceTree = "<group>"; };
/* End PBXFileReference section */

/* Begin PBXFrameworksBuildPhase section */
		6A071E151F023EB1005D21FF /* Frameworks */ = {
			isa = PBXFrameworksBuildPhase;
			buildActionMask = 2147483647;
			files = (
				648FF0257BF3B2BC99782FA8 /* Pods_Grocery_App.framework in Frameworks */,
			);
			runOnlyForDeploymentPostprocessing = 0;
		};
		6A071E2B1F023EB1005D21FF /* Frameworks */ = {
			isa = PBXFrameworksBuildPhase;
			buildActionMask = 2147483647;
			files = (
				DE6A09D24C764FFB52E4ABEA /* Pods_Grocery_AppTests.framework in Frameworks */,
			);
			runOnlyForDeploymentPostprocessing = 0;
		};
		6A071E361F023EB2005D21FF /* Frameworks */ = {
			isa = PBXFrameworksBuildPhase;
			buildActionMask = 2147483647;
			files = (
				AE9C157D6A19245A1BC64996 /* Pods_Grocery_AppUITests.framework in Frameworks */,
			);
			runOnlyForDeploymentPostprocessing = 0;
		};
/* End PBXFrameworksBuildPhase section */

/* Begin PBXGroup section */
		0088AD3639027A42B11954FA /* Frameworks */ = {
			isa = PBXGroup;
			children = (
				E768900E6471E0E4CF6B4169 /* Pods_Grocery_App.framework */,
				410A7E784337BB14891F5895 /* Pods_Grocery_AppTests.framework */,
				182EE8FDD8AA6CF8CDE990B5 /* Pods_Grocery_AppUITests.framework */,
			);
			name = Frameworks;
			sourceTree = "<group>";
		};
		6A071E0F1F023EB1005D21FF = {
			isa = PBXGroup;
			children = (
				6A071E1A1F023EB1005D21FF /* Grocery App */,
				6A071E311F023EB2005D21FF /* Grocery AppTests */,
				6A071E3C1F023EB2005D21FF /* Grocery AppUITests */,
				6A071E191F023EB1005D21FF /* Products */,
				B81187F3C87194B426499A78 /* Pods */,
				0088AD3639027A42B11954FA /* Frameworks */,
			);
			sourceTree = "<group>";
		};
		6A071E191F023EB1005D21FF /* Products */ = {
			isa = PBXGroup;
			children = (
				6A071E181F023EB1005D21FF /* Grocery App.app */,
				6A071E2E1F023EB1005D21FF /* Grocery AppTests.xctest */,
				6A071E391F023EB2005D21FF /* Grocery AppUITests.xctest */,
			);
			name = Products;
			sourceTree = "<group>";
		};
		6A071E1A1F023EB1005D21FF /* Grocery App */ = {
			isa = PBXGroup;
			children = (
				6A4778251F148B860060EE9D /* CoreData.xcdatamodeld */,
				6A071E9A1F034CE6005D21FF /* Resources */,
				6A3E27A81F04D6CC0014D0C5 /* Profile */,
				6A31A8201F2B552F0061E18F /* Scanner */,
				6A071E9C1F034F92005D21FF /* Grocery List */,
				6A071E961F031D93005D21FF /* LocationViewController.swift */,
				6A071E1B1F023EB1005D21FF /* AppDelegate.swift */,
				6A071E211F023EB1005D21FF /* Main.storyboard */,
				6A071E241F023EB1005D21FF /* Assets.xcassets */,
				6A071E261F023EB1005D21FF /* LaunchScreen.storyboard */,
				6A071E291F023EB1005D21FF /* Info.plist */,
				6A9E9FB41F2EDB8800B24CE0 /* GoogleService-Info.plist */,
				6A9A7B5C1F1FC23000A8C982 /* UserLocation.swift */,
				6A2AB3D51F22A0A10091E953 /* Reachability.swift */,
			);
			path = "Grocery App";
			sourceTree = "<group>";
		};
		6A071E311F023EB2005D21FF /* Grocery AppTests */ = {
			isa = PBXGroup;
			children = (
				6A071E321F023EB2005D21FF /* Grocery_AppTests.swift */,
				6A071E341F023EB2005D21FF /* Info.plist */,
			);
			path = "Grocery AppTests";
			sourceTree = "<group>";
		};
		6A071E3C1F023EB2005D21FF /* Grocery AppUITests */ = {
			isa = PBXGroup;
			children = (
				6A071E3D1F023EB2005D21FF /* Grocery_AppUITests.swift */,
				6A071E3F1F023EB2005D21FF /* Info.plist */,
			);
			path = "Grocery AppUITests";
			sourceTree = "<group>";
		};
		6A071E9A1F034CE6005D21FF /* Resources */ = {
			isa = PBXGroup;
			children = (
				6A1F7BD11F1A756600577FCC /* items.txt */,
				6AB24A651F0956DD00F76971 /* Raleway-Black.ttf */,
				6AB24A661F0956DD00F76971 /* Raleway-Bold.ttf */,
				6AB24A671F0956DD00F76971 /* Raleway-Italic.ttf */,
				6AB24A681F0956DD00F76971 /* Raleway-Light.ttf */,
				6AB24A691F0956DD00F76971 /* Raleway-Medium.ttf */,
				6AB24A6A1F0956DD00F76971 /* Raleway-Regular.ttf */,
			);
			name = Resources;
			sourceTree = "<group>";
		};
		6A071E9C1F034F92005D21FF /* Grocery List */ = {
			isa = PBXGroup;
			children = (
				6AB1048A1F0628FD0070C55C /* list.storyboard */,
				6A584CD41F13BA6500A4CD2F /* GroceryListTableViewCell.swift */,
				6A584CD61F13BB6F00A4CD2F /* GroceryListViewController.swift */,
				6AB104961F068D950070C55C /* StoreViewController.swift */,
				6A07BE041F1D15BF00050E16 /* StoreTableViewCell.swift */,
				6A9A7B581F1E73CD00A8C982 /* ShopListViewController.swift */,
				6A9A7B5A1F1E74E400A8C982 /* OnSaleItemTableViewCell.swift */,
				6AC298601F27FDEB00B4C758 /* RegularItemTableViewCell.swift */,
				6AAAD1FD1F36D45700CF510E /* StoreInfoTableViewCell.swift */,
			);
			name = "Grocery List";
			sourceTree = "<group>";
		};
		6A31A8201F2B552F0061E18F /* Scanner */ = {
			isa = PBXGroup;
			children = (
				6A31A81E1F2B551D0061E18F /* scanner.storyboard */,
				6A40883E1F29768100E537F0 /* BarcodeReaderViewController.swift */,
				6A4088401F29A4AD00E537F0 /* AddItemViewController.swift */,
				6A4088421F29B54800E537F0 /* AddItemTableViewCell.swift */,
				6AF021CA1F2C6AF800E988E8 /* SwitchTableViewCell.swift */,
				6AF021CC1F2D944000E988E8 /* ExpirationDateTableViewCell.swift */,
			);
			name = Scanner;
			sourceTree = "<group>";
		};
		6A3E27A81F04D6CC0014D0C5 /* Profile */ = {
			isa = PBXGroup;
			children = (
				6AB24A601F09447500F76971 /* profile.storyboard */,
				6AB24A621F094A8D00F76971 /* ProfileTableViewController.swift */,
				6A088A4D1F0A3DF8008C8ADD /* UserStorePreferencesViewController.swift */,
				6A088A4F1F0A3E54008C8ADD /* changeLocationViewController.swift */,
				6A31A81C1F2B08D80061E18F /* SetStoreLocationViewController.swift */,
			);
			name = Profile;
			sourceTree = "<group>";
		};
		B81187F3C87194B426499A78 /* Pods */ = {
			isa = PBXGroup;
			children = (
				69703FFE5ECA6CF82224685F /* Pods-Grocery App.debug.xcconfig */,
				2497AF41CCED9D4B52982722 /* Pods-Grocery App.release.xcconfig */,
				A69D70F7DB3521F6492B1AD1 /* Pods-Grocery AppTests.debug.xcconfig */,
				FE4F0F0A0B929E735DD3DDFE /* Pods-Grocery AppTests.release.xcconfig */,
				75C752CCCB8C19754FED0F46 /* Pods-Grocery AppUITests.debug.xcconfig */,
				5E0673EDB6686BD21F9EDDFD /* Pods-Grocery AppUITests.release.xcconfig */,
			);
			name = Pods;
			sourceTree = "<group>";
		};
/* End PBXGroup section */

/* Begin PBXNativeTarget section */
		6A071E171F023EB1005D21FF /* Grocery App */ = {
			isa = PBXNativeTarget;
			buildConfigurationList = 6A071E421F023EB2005D21FF /* Build configuration list for PBXNativeTarget "Grocery App" */;
			buildPhases = (
				17136D69B9A203E418A50CC3 /* [CP] Check Pods Manifest.lock */,
				6A071E141F023EB1005D21FF /* Sources */,
				6A071E151F023EB1005D21FF /* Frameworks */,
				6A071E161F023EB1005D21FF /* Resources */,
				6A43B0681F164A19005230E0 /* Embed Frameworks */,
				C7569A1E550EAA983439637F /* [CP] Embed Pods Frameworks */,
				62FD503390A53FB0795303E7 /* [CP] Copy Pods Resources */,
			);
			buildRules = (
			);
			dependencies = (
			);
			name = "Grocery App";
			productName = "Grocery App";
			productReference = 6A071E181F023EB1005D21FF /* Grocery App.app */;
			productType = "com.apple.product-type.application";
		};
		6A071E2D1F023EB1005D21FF /* Grocery AppTests */ = {
			isa = PBXNativeTarget;
			buildConfigurationList = 6A071E451F023EB2005D21FF /* Build configuration list for PBXNativeTarget "Grocery AppTests" */;
			buildPhases = (
				A5D2704C712AE4C13C489511 /* [CP] Check Pods Manifest.lock */,
				6A071E2A1F023EB1005D21FF /* Sources */,
				6A071E2B1F023EB1005D21FF /* Frameworks */,
				6A071E2C1F023EB1005D21FF /* Resources */,
				F87CA3FA95AEAFD706CA9E0E /* [CP] Embed Pods Frameworks */,
				A2A2625D8016CF5DB0B7F08C /* [CP] Copy Pods Resources */,
			);
			buildRules = (
			);
			dependencies = (
				6A071E301F023EB1005D21FF /* PBXTargetDependency */,
			);
			name = "Grocery AppTests";
			productName = "Grocery AppTests";
			productReference = 6A071E2E1F023EB1005D21FF /* Grocery AppTests.xctest */;
			productType = "com.apple.product-type.bundle.unit-test";
		};
		6A071E381F023EB2005D21FF /* Grocery AppUITests */ = {
			isa = PBXNativeTarget;
			buildConfigurationList = 6A071E481F023EB2005D21FF /* Build configuration list for PBXNativeTarget "Grocery AppUITests" */;
			buildPhases = (
				2FDEACD69A21977C0168F3FC /* [CP] Check Pods Manifest.lock */,
				6A071E351F023EB2005D21FF /* Sources */,
				6A071E361F023EB2005D21FF /* Frameworks */,
				6A071E371F023EB2005D21FF /* Resources */,
				BE3DF38E8D90BBBABED0A02D /* [CP] Embed Pods Frameworks */,
				A5D716BA2476E2A2F380ABD7 /* [CP] Copy Pods Resources */,
			);
			buildRules = (
			);
			dependencies = (
				6A071E3B1F023EB2005D21FF /* PBXTargetDependency */,
			);
			name = "Grocery AppUITests";
			productName = "Grocery AppUITests";
			productReference = 6A071E391F023EB2005D21FF /* Grocery AppUITests.xctest */;
			productType = "com.apple.product-type.bundle.ui-testing";
		};
/* End PBXNativeTarget section */

/* Begin PBXProject section */
		6A071E101F023EB1005D21FF /* Project object */ = {
			isa = PBXProject;
			attributes = {
				LastSwiftUpdateCheck = 0830;
				LastUpgradeCheck = 0830;
				ORGANIZATIONNAME = tko;
				TargetAttributes = {
					6A071E171F023EB1005D21FF = {
						CreatedOnToolsVersion = 8.3.3;
						DevelopmentTeam = BW9J6RB6N5;
						ProvisioningStyle = Automatic;
					};
					6A071E2D1F023EB1005D21FF = {
						CreatedOnToolsVersion = 8.3.3;
						ProvisioningStyle = Automatic;
						TestTargetID = 6A071E171F023EB1005D21FF;
					};
					6A071E381F023EB2005D21FF = {
						CreatedOnToolsVersion = 8.3.3;
						ProvisioningStyle = Automatic;
						TestTargetID = 6A071E171F023EB1005D21FF;
					};
				};
			};
			buildConfigurationList = 6A071E131F023EB1005D21FF /* Build configuration list for PBXProject "Grocery App" */;
			compatibilityVersion = "Xcode 3.2";
			developmentRegion = English;
			hasScannedForEncodings = 0;
			knownRegions = (
				en,
				Base,
			);
			mainGroup = 6A071E0F1F023EB1005D21FF;
			productRefGroup = 6A071E191F023EB1005D21FF /* Products */;
			projectDirPath = "";
			projectRoot = "";
			targets = (
				6A071E171F023EB1005D21FF /* Grocery App */,
				6A071E2D1F023EB1005D21FF /* Grocery AppTests */,
				6A071E381F023EB2005D21FF /* Grocery AppUITests */,
			);
		};
/* End PBXProject section */

/* Begin PBXResourcesBuildPhase section */
		6A071E161F023EB1005D21FF /* Resources */ = {
			isa = PBXResourcesBuildPhase;
			buildActionMask = 2147483647;
			files = (
				6AB24A611F09447500F76971 /* profile.storyboard in Resources */,
				6AB24A6E1F0956DD00F76971 /* Raleway-Light.ttf in Resources */,
				6AB24A6D1F0956DD00F76971 /* Raleway-Italic.ttf in Resources */,
				6AB1048B1F0628FD0070C55C /* list.storyboard in Resources */,
				6A071E281F023EB1005D21FF /* LaunchScreen.storyboard in Resources */,
				6A1F7BD21F1A756600577FCC /* items.txt in Resources */,
				6A071E251F023EB1005D21FF /* Assets.xcassets in Resources */,
				6AB24A701F0956DD00F76971 /* Raleway-Regular.ttf in Resources */,
				6A071E231F023EB1005D21FF /* Main.storyboard in Resources */,
				6AB24A6F1F0956DD00F76971 /* Raleway-Medium.ttf in Resources */,
				6A31A81F1F2B551D0061E18F /* scanner.storyboard in Resources */,
				6AB24A6B1F0956DD00F76971 /* Raleway-Black.ttf in Resources */,
				6AB24A6C1F0956DD00F76971 /* Raleway-Bold.ttf in Resources */,
				6A9E9FB51F2EDB8800B24CE0 /* GoogleService-Info.plist in Resources */,
			);
			runOnlyForDeploymentPostprocessing = 0;
		};
		6A071E2C1F023EB1005D21FF /* Resources */ = {
			isa = PBXResourcesBuildPhase;
			buildActionMask = 2147483647;
			files = (
				6A9E9FB61F2EDB8800B24CE0 /* GoogleService-Info.plist in Resources */,
			);
			runOnlyForDeploymentPostprocessing = 0;
		};
		6A071E371F023EB2005D21FF /* Resources */ = {
			isa = PBXResourcesBuildPhase;
			buildActionMask = 2147483647;
			files = (
				6A9E9FB71F2EDB8800B24CE0 /* GoogleService-Info.plist in Resources */,
			);
			runOnlyForDeploymentPostprocessing = 0;
		};
/* End PBXResourcesBuildPhase section */

/* Begin PBXShellScriptBuildPhase section */
		17136D69B9A203E418A50CC3 /* [CP] Check Pods Manifest.lock */ = {
			isa = PBXShellScriptBuildPhase;
			buildActionMask = 2147483647;
			files = (
			);
			inputPaths = (
			);
			name = "[CP] Check Pods Manifest.lock";
			outputPaths = (
			);
			runOnlyForDeploymentPostprocessing = 0;
			shellPath = /bin/sh;
			shellScript = "diff \"${PODS_PODFILE_DIR_PATH}/Podfile.lock\" \"${PODS_ROOT}/Manifest.lock\" > /dev/null\nif [ $? != 0 ] ; then\n    # print error to STDERR\n    echo \"error: The sandbox is not in sync with the Podfile.lock. Run 'pod install' or update your CocoaPods installation.\" >&2\n    exit 1\nfi\n";
			showEnvVarsInLog = 0;
		};
		2FDEACD69A21977C0168F3FC /* [CP] Check Pods Manifest.lock */ = {
			isa = PBXShellScriptBuildPhase;
			buildActionMask = 2147483647;
			files = (
			);
			inputPaths = (
			);
			name = "[CP] Check Pods Manifest.lock";
			outputPaths = (
			);
			runOnlyForDeploymentPostprocessing = 0;
			shellPath = /bin/sh;
			shellScript = "diff \"${PODS_PODFILE_DIR_PATH}/Podfile.lock\" \"${PODS_ROOT}/Manifest.lock\" > /dev/null\nif [ $? != 0 ] ; then\n    # print error to STDERR\n    echo \"error: The sandbox is not in sync with the Podfile.lock. Run 'pod install' or update your CocoaPods installation.\" >&2\n    exit 1\nfi\n";
			showEnvVarsInLog = 0;
		};
		62FD503390A53FB0795303E7 /* [CP] Copy Pods Resources */ = {
			isa = PBXShellScriptBuildPhase;
			buildActionMask = 2147483647;
			files = (
			);
			inputPaths = (
			);
			name = "[CP] Copy Pods Resources";
			outputPaths = (
			);
			runOnlyForDeploymentPostprocessing = 0;
			shellPath = /bin/sh;
			shellScript = "\"${SRCROOT}/Pods/Target Support Files/Pods-Grocery App/Pods-Grocery App-resources.sh\"\n";
			showEnvVarsInLog = 0;
		};
		A2A2625D8016CF5DB0B7F08C /* [CP] Copy Pods Resources */ = {
			isa = PBXShellScriptBuildPhase;
			buildActionMask = 2147483647;
			files = (
			);
			inputPaths = (
			);
			name = "[CP] Copy Pods Resources";
			outputPaths = (
			);
			runOnlyForDeploymentPostprocessing = 0;
			shellPath = /bin/sh;
			shellScript = "\"${SRCROOT}/Pods/Target Support Files/Pods-Grocery AppTests/Pods-Grocery AppTests-resources.sh\"\n";
			showEnvVarsInLog = 0;
		};
		A5D2704C712AE4C13C489511 /* [CP] Check Pods Manifest.lock */ = {
			isa = PBXShellScriptBuildPhase;
			buildActionMask = 2147483647;
			files = (
			);
			inputPaths = (
			);
			name = "[CP] Check Pods Manifest.lock";
			outputPaths = (
			);
			runOnlyForDeploymentPostprocessing = 0;
			shellPath = /bin/sh;
			shellScript = "diff \"${PODS_PODFILE_DIR_PATH}/Podfile.lock\" \"${PODS_ROOT}/Manifest.lock\" > /dev/null\nif [ $? != 0 ] ; then\n    # print error to STDERR\n    echo \"error: The sandbox is not in sync with the Podfile.lock. Run 'pod install' or update your CocoaPods installation.\" >&2\n    exit 1\nfi\n";
			showEnvVarsInLog = 0;
		};
		A5D716BA2476E2A2F380ABD7 /* [CP] Copy Pods Resources */ = {
			isa = PBXShellScriptBuildPhase;
			buildActionMask = 2147483647;
			files = (
			);
			inputPaths = (
			);
			name = "[CP] Copy Pods Resources";
			outputPaths = (
			);
			runOnlyForDeploymentPostprocessing = 0;
			shellPath = /bin/sh;
			shellScript = "\"${SRCROOT}/Pods/Target Support Files/Pods-Grocery AppUITests/Pods-Grocery AppUITests-resources.sh\"\n";
			showEnvVarsInLog = 0;
		};
		BE3DF38E8D90BBBABED0A02D /* [CP] Embed Pods Frameworks */ = {
			isa = PBXShellScriptBuildPhase;
			buildActionMask = 2147483647;
			files = (
			);
			inputPaths = (
			);
			name = "[CP] Embed Pods Frameworks";
			outputPaths = (
			);
			runOnlyForDeploymentPostprocessing = 0;
			shellPath = /bin/sh;
			shellScript = "\"${SRCROOT}/Pods/Target Support Files/Pods-Grocery AppUITests/Pods-Grocery AppUITests-frameworks.sh\"\n";
			showEnvVarsInLog = 0;
		};
		C7569A1E550EAA983439637F /* [CP] Embed Pods Frameworks */ = {
			isa = PBXShellScriptBuildPhase;
			buildActionMask = 2147483647;
			files = (
			);
			inputPaths = (
			);
			name = "[CP] Embed Pods Frameworks";
			outputPaths = (
			);
			runOnlyForDeploymentPostprocessing = 0;
			shellPath = /bin/sh;
			shellScript = "\"${SRCROOT}/Pods/Target Support Files/Pods-Grocery App/Pods-Grocery App-frameworks.sh\"\n";
			showEnvVarsInLog = 0;
		};
		F87CA3FA95AEAFD706CA9E0E /* [CP] Embed Pods Frameworks */ = {
			isa = PBXShellScriptBuildPhase;
			buildActionMask = 2147483647;
			files = (
			);
			inputPaths = (
			);
			name = "[CP] Embed Pods Frameworks";
			outputPaths = (
			);
			runOnlyForDeploymentPostprocessing = 0;
			shellPath = /bin/sh;
			shellScript = "\"${SRCROOT}/Pods/Target Support Files/Pods-Grocery AppTests/Pods-Grocery AppTests-frameworks.sh\"\n";
			showEnvVarsInLog = 0;
		};
/* End PBXShellScriptBuildPhase section */

/* Begin PBXSourcesBuildPhase section */
		6A071E141F023EB1005D21FF /* Sources */ = {
			isa = PBXSourcesBuildPhase;
			buildActionMask = 2147483647;
			files = (
				6A2AB3D61F22A0A10091E953 /* Reachability.swift in Sources */,
				6A584CD51F13BA6500A4CD2F /* GroceryListTableViewCell.swift in Sources */,
				6A088A4E1F0A3DF8008C8ADD /* UserStorePreferencesViewController.swift in Sources */,
				6AB24A631F094A8D00F76971 /* ProfileTableViewController.swift in Sources */,
				6AB104971F068D950070C55C /* StoreViewController.swift in Sources */,
				6A584CD71F13BB6F00A4CD2F /* GroceryListViewController.swift in Sources */,
				6A4778271F148B860060EE9D /* CoreData.xcdatamodeld in Sources */,
				6AAAD1FE1F36D45700CF510E /* StoreInfoTableViewCell.swift in Sources */,
				6A31A81D1F2B08D80061E18F /* SetStoreLocationViewController.swift in Sources */,
				6A4088411F29A4AD00E537F0 /* AddItemViewController.swift in Sources */,
				6AC298611F27FDEB00B4C758 /* RegularItemTableViewCell.swift in Sources */,
				6A071E971F031D93005D21FF /* LocationViewController.swift in Sources */,
				6A9A7B5B1F1E74E400A8C982 /* OnSaleItemTableViewCell.swift in Sources */,
				6AF021CD1F2D944000E988E8 /* ExpirationDateTableViewCell.swift in Sources */,
				6A40883F1F29768100E537F0 /* BarcodeReaderViewController.swift in Sources */,
				6A9A7B5D1F1FC23000A8C982 /* UserLocation.swift in Sources */,
				6A088A501F0A3E54008C8ADD /* changeLocationViewController.swift in Sources */,
				6A4088431F29B54800E537F0 /* AddItemTableViewCell.swift in Sources */,
				6A9A7B591F1E73CD00A8C982 /* ShopListViewController.swift in Sources */,
				6AF021CB1F2C6AF800E988E8 /* SwitchTableViewCell.swift in Sources */,
				6A071E1C1F023EB1005D21FF /* AppDelegate.swift in Sources */,
				6A07BE051F1D15BF00050E16 /* StoreTableViewCell.swift in Sources */,
			);
			runOnlyForDeploymentPostprocessing = 0;
		};
		6A071E2A1F023EB1005D21FF /* Sources */ = {
			isa = PBXSourcesBuildPhase;
			buildActionMask = 2147483647;
			files = (
				6A071E331F023EB2005D21FF /* Grocery_AppTests.swift in Sources */,
			);
			runOnlyForDeploymentPostprocessing = 0;
		};
		6A071E351F023EB2005D21FF /* Sources */ = {
			isa = PBXSourcesBuildPhase;
			buildActionMask = 2147483647;
			files = (
				6A071E3E1F023EB2005D21FF /* Grocery_AppUITests.swift in Sources */,
			);
			runOnlyForDeploymentPostprocessing = 0;
		};
/* End PBXSourcesBuildPhase section */

/* Begin PBXTargetDependency section */
		6A071E301F023EB1005D21FF /* PBXTargetDependency */ = {
			isa = PBXTargetDependency;
			target = 6A071E171F023EB1005D21FF /* Grocery App */;
			targetProxy = 6A071E2F1F023EB1005D21FF /* PBXContainerItemProxy */;
		};
		6A071E3B1F023EB2005D21FF /* PBXTargetDependency */ = {
			isa = PBXTargetDependency;
			target = 6A071E171F023EB1005D21FF /* Grocery App */;
			targetProxy = 6A071E3A1F023EB2005D21FF /* PBXContainerItemProxy */;
		};
/* End PBXTargetDependency section */

/* Begin PBXVariantGroup section */
		6A071E211F023EB1005D21FF /* Main.storyboard */ = {
			isa = PBXVariantGroup;
			children = (
				6A071E221F023EB1005D21FF /* Base */,
			);
			name = Main.storyboard;
			sourceTree = "<group>";
		};
		6A071E261F023EB1005D21FF /* LaunchScreen.storyboard */ = {
			isa = PBXVariantGroup;
			children = (
				6A071E271F023EB1005D21FF /* Base */,
			);
			name = LaunchScreen.storyboard;
			sourceTree = "<group>";
		};
/* End PBXVariantGroup section */

/* Begin XCBuildConfiguration section */
		6A071E401F023EB2005D21FF /* Debug */ = {
			isa = XCBuildConfiguration;
			buildSettings = {
				ALWAYS_SEARCH_USER_PATHS = NO;
				CLANG_ANALYZER_NONNULL = YES;
				CLANG_ANALYZER_NUMBER_OBJECT_CONVERSION = YES_AGGRESSIVE;
				CLANG_CXX_LANGUAGE_STANDARD = "gnu++0x";
				CLANG_CXX_LIBRARY = "libc++";
				CLANG_ENABLE_MODULES = YES;
				CLANG_ENABLE_OBJC_ARC = YES;
				CLANG_WARN_BOOL_CONVERSION = YES;
				CLANG_WARN_CONSTANT_CONVERSION = YES;
				CLANG_WARN_DIRECT_OBJC_ISA_USAGE = YES_ERROR;
				CLANG_WARN_DOCUMENTATION_COMMENTS = YES;
				CLANG_WARN_EMPTY_BODY = YES;
				CLANG_WARN_ENUM_CONVERSION = YES;
				CLANG_WARN_INFINITE_RECURSION = YES;
				CLANG_WARN_INT_CONVERSION = YES;
				CLANG_WARN_OBJC_ROOT_CLASS = YES_ERROR;
				CLANG_WARN_SUSPICIOUS_MOVE = YES;
				CLANG_WARN_UNREACHABLE_CODE = YES;
				CLANG_WARN__DUPLICATE_METHOD_MATCH = YES;
				"CODE_SIGN_IDENTITY[sdk=iphoneos*]" = "iPhone Developer";
				COPY_PHASE_STRIP = NO;
				DEBUG_INFORMATION_FORMAT = dwarf;
				ENABLE_STRICT_OBJC_MSGSEND = YES;
				ENABLE_TESTABILITY = YES;
				GCC_C_LANGUAGE_STANDARD = gnu99;
				GCC_DYNAMIC_NO_PIC = NO;
				GCC_NO_COMMON_BLOCKS = YES;
				GCC_OPTIMIZATION_LEVEL = 0;
				GCC_PREPROCESSOR_DEFINITIONS = (
					"DEBUG=1",
					"$(inherited)",
				);
				GCC_WARN_64_TO_32_BIT_CONVERSION = YES;
				GCC_WARN_ABOUT_RETURN_TYPE = YES_ERROR;
				GCC_WARN_UNDECLARED_SELECTOR = YES;
				GCC_WARN_UNINITIALIZED_AUTOS = YES_AGGRESSIVE;
				GCC_WARN_UNUSED_FUNCTION = YES;
				GCC_WARN_UNUSED_VARIABLE = YES;
				IPHONEOS_DEPLOYMENT_TARGET = 10.3;
				MTL_ENABLE_DEBUG_INFO = YES;
				ONLY_ACTIVE_ARCH = YES;
				SDKROOT = iphoneos;
				SWIFT_ACTIVE_COMPILATION_CONDITIONS = DEBUG;
				SWIFT_OPTIMIZATION_LEVEL = "-Onone";
				TARGETED_DEVICE_FAMILY = "1,2";
			};
			name = Debug;
		};
		6A071E411F023EB2005D21FF /* Release */ = {
			isa = XCBuildConfiguration;
			buildSettings = {
				ALWAYS_SEARCH_USER_PATHS = NO;
				CLANG_ANALYZER_NONNULL = YES;
				CLANG_ANALYZER_NUMBER_OBJECT_CONVERSION = YES_AGGRESSIVE;
				CLANG_CXX_LANGUAGE_STANDARD = "gnu++0x";
				CLANG_CXX_LIBRARY = "libc++";
				CLANG_ENABLE_MODULES = YES;
				CLANG_ENABLE_OBJC_ARC = YES;
				CLANG_WARN_BOOL_CONVERSION = YES;
				CLANG_WARN_CONSTANT_CONVERSION = YES;
				CLANG_WARN_DIRECT_OBJC_ISA_USAGE = YES_ERROR;
				CLANG_WARN_DOCUMENTATION_COMMENTS = YES;
				CLANG_WARN_EMPTY_BODY = YES;
				CLANG_WARN_ENUM_CONVERSION = YES;
				CLANG_WARN_INFINITE_RECURSION = YES;
				CLANG_WARN_INT_CONVERSION = YES;
				CLANG_WARN_OBJC_ROOT_CLASS = YES_ERROR;
				CLANG_WARN_SUSPICIOUS_MOVE = YES;
				CLANG_WARN_UNREACHABLE_CODE = YES;
				CLANG_WARN__DUPLICATE_METHOD_MATCH = YES;
				"CODE_SIGN_IDENTITY[sdk=iphoneos*]" = "iPhone Developer";
				COPY_PHASE_STRIP = NO;
				DEBUG_INFORMATION_FORMAT = "dwarf-with-dsym";
				ENABLE_NS_ASSERTIONS = NO;
				ENABLE_STRICT_OBJC_MSGSEND = YES;
				GCC_C_LANGUAGE_STANDARD = gnu99;
				GCC_NO_COMMON_BLOCKS = YES;
				GCC_WARN_64_TO_32_BIT_CONVERSION = YES;
				GCC_WARN_ABOUT_RETURN_TYPE = YES_ERROR;
				GCC_WARN_UNDECLARED_SELECTOR = YES;
				GCC_WARN_UNINITIALIZED_AUTOS = YES_AGGRESSIVE;
				GCC_WARN_UNUSED_FUNCTION = YES;
				GCC_WARN_UNUSED_VARIABLE = YES;
				IPHONEOS_DEPLOYMENT_TARGET = 10.3;
				MTL_ENABLE_DEBUG_INFO = NO;
				SDKROOT = iphoneos;
				SWIFT_OPTIMIZATION_LEVEL = "-Owholemodule";
				TARGETED_DEVICE_FAMILY = "1,2";
				VALIDATE_PRODUCT = YES;
			};
			name = Release;
		};
		6A071E431F023EB2005D21FF /* Debug */ = {
			isa = XCBuildConfiguration;
			baseConfigurationReference = 69703FFE5ECA6CF82224685F /* Pods-Grocery App.debug.xcconfig */;
			buildSettings = {
				ALWAYS_EMBED_SWIFT_STANDARD_LIBRARIES = YES;
				ASSETCATALOG_COMPILER_APPICON_NAME = AppIcon;
				DEVELOPMENT_TEAM = BW9J6RB6N5;
				INFOPLIST_FILE = "Grocery App/Info.plist";
				LD_RUNPATH_SEARCH_PATHS = "$(inherited) @executable_path/Frameworks";
				PRODUCT_BUNDLE_IDENTIFIER = "com.tko.Grocery-App";
				PRODUCT_NAME = "$(TARGET_NAME)";
				SWIFT_REFLECTION_METADATA_LEVEL = all;
				SWIFT_VERSION = 3.0;
			};
			name = Debug;
		};
		6A071E441F023EB2005D21FF /* Release */ = {
			isa = XCBuildConfiguration;
			baseConfigurationReference = 2497AF41CCED9D4B52982722 /* Pods-Grocery App.release.xcconfig */;
			buildSettings = {
				ALWAYS_EMBED_SWIFT_STANDARD_LIBRARIES = YES;
				ASSETCATALOG_COMPILER_APPICON_NAME = AppIcon;
				DEVELOPMENT_TEAM = BW9J6RB6N5;
				INFOPLIST_FILE = "Grocery App/Info.plist";
				LD_RUNPATH_SEARCH_PATHS = "$(inherited) @executable_path/Frameworks";
				PRODUCT_BUNDLE_IDENTIFIER = "com.tko.Grocery-App";
				PRODUCT_NAME = "$(TARGET_NAME)";
				SWIFT_REFLECTION_METADATA_LEVEL = all;
				SWIFT_VERSION = 3.0;
			};
			name = Release;
		};
		6A071E461F023EB2005D21FF /* Debug */ = {
			isa = XCBuildConfiguration;
			baseConfigurationReference = A69D70F7DB3521F6492B1AD1 /* Pods-Grocery AppTests.debug.xcconfig */;
			buildSettings = {
				ALWAYS_EMBED_SWIFT_STANDARD_LIBRARIES = YES;
				BUNDLE_LOADER = "$(TEST_HOST)";
				INFOPLIST_FILE = "Grocery AppTests/Info.plist";
				LD_RUNPATH_SEARCH_PATHS = "$(inherited) @executable_path/Frameworks @loader_path/Frameworks";
				"OTHER_LDFLAGS[arch=*]" = "-all_load";
				PRODUCT_BUNDLE_IDENTIFIER = "com.tko.Grocery-AppTests";
				PRODUCT_NAME = "$(TARGET_NAME)";
				SWIFT_VERSION = 3.0;
				TEST_HOST = "$(BUILT_PRODUCTS_DIR)/Grocery App.app/Grocery App";
			};
			name = Debug;
		};
		6A071E471F023EB2005D21FF /* Release */ = {
			isa = XCBuildConfiguration;
			baseConfigurationReference = FE4F0F0A0B929E735DD3DDFE /* Pods-Grocery AppTests.release.xcconfig */;
			buildSettings = {
				ALWAYS_EMBED_SWIFT_STANDARD_LIBRARIES = YES;
				BUNDLE_LOADER = "$(TEST_HOST)";
				INFOPLIST_FILE = "Grocery AppTests/Info.plist";
				LD_RUNPATH_SEARCH_PATHS = "$(inherited) @executable_path/Frameworks @loader_path/Frameworks";
				PRODUCT_BUNDLE_IDENTIFIER = "com.tko.Grocery-AppTests";
				PRODUCT_NAME = "$(TARGET_NAME)";
				SWIFT_VERSION = 3.0;
				TEST_HOST = "$(BUILT_PRODUCTS_DIR)/Grocery App.app/Grocery App";
			};
			name = Release;
		};
		6A071E491F023EB2005D21FF /* Debug */ = {
			isa = XCBuildConfiguration;
			baseConfigurationReference = 75C752CCCB8C19754FED0F46 /* Pods-Grocery AppUITests.debug.xcconfig */;
			buildSettings = {
				ALWAYS_EMBED_SWIFT_STANDARD_LIBRARIES = YES;
				INFOPLIST_FILE = "Grocery AppUITests/Info.plist";
				LD_RUNPATH_SEARCH_PATHS = "$(inherited) @executable_path/Frameworks @loader_path/Frameworks";
				PRODUCT_BUNDLE_IDENTIFIER = "com.tko.Grocery-AppUITests";
				PRODUCT_NAME = "$(TARGET_NAME)";
				SWIFT_VERSION = 3.0;
				TEST_TARGET_NAME = "Grocery App";
			};
			name = Debug;
		};
		6A071E4A1F023EB2005D21FF /* Release */ = {
			isa = XCBuildConfiguration;
			baseConfigurationReference = 5E0673EDB6686BD21F9EDDFD /* Pods-Grocery AppUITests.release.xcconfig */;
			buildSettings = {
				ALWAYS_EMBED_SWIFT_STANDARD_LIBRARIES = YES;
				INFOPLIST_FILE = "Grocery AppUITests/Info.plist";
				LD_RUNPATH_SEARCH_PATHS = "$(inherited) @executable_path/Frameworks @loader_path/Frameworks";
				PRODUCT_BUNDLE_IDENTIFIER = "com.tko.Grocery-AppUITests";
				PRODUCT_NAME = "$(TARGET_NAME)";
				SWIFT_VERSION = 3.0;
				TEST_TARGET_NAME = "Grocery App";
			};
			name = Release;
		};
/* End XCBuildConfiguration section */

/* Begin XCConfigurationList section */
		6A071E131F023EB1005D21FF /* Build configuration list for PBXProject "Grocery App" */ = {
			isa = XCConfigurationList;
			buildConfigurations = (
				6A071E401F023EB2005D21FF /* Debug */,
				6A071E411F023EB2005D21FF /* Release */,
			);
			defaultConfigurationIsVisible = 0;
			defaultConfigurationName = Release;
		};
		6A071E421F023EB2005D21FF /* Build configuration list for PBXNativeTarget "Grocery App" */ = {
			isa = XCConfigurationList;
			buildConfigurations = (
				6A071E431F023EB2005D21FF /* Debug */,
				6A071E441F023EB2005D21FF /* Release */,
			);
			defaultConfigurationIsVisible = 0;
			defaultConfigurationName = Release;
		};
		6A071E451F023EB2005D21FF /* Build configuration list for PBXNativeTarget "Grocery AppTests" */ = {
			isa = XCConfigurationList;
			buildConfigurations = (
				6A071E461F023EB2005D21FF /* Debug */,
				6A071E471F023EB2005D21FF /* Release */,
			);
			defaultConfigurationIsVisible = 0;
			defaultConfigurationName = Release;
		};
		6A071E481F023EB2005D21FF /* Build configuration list for PBXNativeTarget "Grocery AppUITests" */ = {
			isa = XCConfigurationList;
			buildConfigurations = (
				6A071E491F023EB2005D21FF /* Debug */,
				6A071E4A1F023EB2005D21FF /* Release */,
			);
			defaultConfigurationIsVisible = 0;
			defaultConfigurationName = Release;
		};
/* End XCConfigurationList section */

/* Begin XCVersionGroup section */
		6A4778251F148B860060EE9D /* CoreData.xcdatamodeld */ = {
			isa = XCVersionGroup;
			children = (
				6A4778261F148B860060EE9D /* CoreData.xcdatamodel */,
			);
			currentVersion = 6A4778261F148B860060EE9D /* CoreData.xcdatamodel */;
			path = CoreData.xcdatamodeld;
			sourceTree = "<group>";
			versionGroupType = wrapper.xcdatamodel;
		};
/* End XCVersionGroup section */
	};
	rootObject = 6A071E101F023EB1005D21FF /* Project object */;
}
